{
  "name": "medusa_website",
  "version": "1.0.0",
  "lockfileVersion": 2,
  "requires": true,
  "packages": {
    "": {
      "name": "medusa_website",
      "version": "1.0.0",
      "license": "MIT",
      "dependencies": {
        "yuglify": "^2.0.0"
      }
    },
    "node_modules/abbrev": {
      "version": "1.1.1",
      "license": "ISC"
    },
    "node_modules/nopt": {
      "version": "2.1.2",
      "license": "MIT",
      "dependencies": {
        "abbrev": "1"
      },
      "bin": {
        "nopt": "bin/nopt.js"
      }
    },
    "node_modules/uglify-js": {
      "version": "3.14.5",
      "license": "BSD-2-Clause",
      "bin": {
        "uglifyjs": "bin/uglifyjs"
      },
      "engines": {
        "node": ">=0.8.0"
      }
    },
    "node_modules/ycssmin": {
      "version": "1.0.1",
      "bin": {
        "ycssmin": "bin/cssmin"
      }
    },
    "node_modules/yuglify": {
      "version": "2.0.0",
      "dependencies": {
        "nopt": "~2.1.1",
        "uglify-js": "^3.1.4",
        "ycssmin": "~1.0.1"
      },
      "bin": {
        "yuglify": "bin/yuglify"
      }
    }
  },
  "dependencies": {
    "abbrev": {
      "version": "1.1.1"
    },
    "nopt": {
      "version": "2.1.2",
      "requires": {
        "abbrev": "1"
      }
    },
    "uglify-js": {
      "version": "3.14.5"
    },
    "ycssmin": {
      "version": "1.0.1"
    },
    "yuglify": {
      "version": "2.0.0",
      "requires": {
        "nopt": "~2.1.1",
        "uglify-js": "^3.1.4",
        "ycssmin": "~1.0.1"
      }
    }
  }
}
